// !$*UTF8*$!
{
	archiveVersion = 1;
	classes = {
	};
	objectVersion = 50;
	objects = {

/* Begin PBXBuildFile section */
		BA3057862583F7E400AEA177 /* AppDelegate.swift in Sources */ = {isa = PBXBuildFile; fileRef = BA3057852583F7E400AEA177 /* AppDelegate.swift */; };
		BA3057882583F7E400AEA177 /* SceneDelegate.swift in Sources */ = {isa = PBXBuildFile; fileRef = BA3057872583F7E400AEA177 /* SceneDelegate.swift */; };
		BA30578D2583F7E400AEA177 /* Main.storyboard in Resources */ = {isa = PBXBuildFile; fileRef = BA30578B2583F7E400AEA177 /* Main.storyboard */; };
		BA3057902583F7E400AEA177 /* Core_Data_Exercise_4.xcdatamodeld in Sources */ = {isa = PBXBuildFile; fileRef = BA30578E2583F7E400AEA177 /* Core_Data_Exercise_4.xcdatamodeld */; };
		BA3057922583F7E700AEA177 /* Assets.xcassets in Resources */ = {isa = PBXBuildFile; fileRef = BA3057912583F7E700AEA177 /* Assets.xcassets */; };
		BA3057952583F7E700AEA177 /* LaunchScreen.storyboard in Resources */ = {isa = PBXBuildFile; fileRef = BA3057932583F7E700AEA177 /* LaunchScreen.storyboard */; };
		BA30579E2584A69400AEA177 /* TargetTableVC.swift in Sources */ = {isa = PBXBuildFile; fileRef = BA30579D2584A69300AEA177 /* TargetTableVC.swift */; };
/* End PBXBuildFile section */

/* Begin PBXFileReference section */
		BA3057822583F7E400AEA177 /* Core Data Exercise 4.app */ = {isa = PBXFileReference; explicitFileType = wrapper.application; includeInIndex = 0; path = "Core Data Exercise 4.app"; sourceTree = BUILT_PRODUCTS_DIR; };
		BA3057852583F7E400AEA177 /* AppDelegate.swift */ = {isa = PBXFileReference; lastKnownFileType = sourcecode.swift; path = AppDelegate.swift; sourceTree = "<group>"; };
		BA3057872583F7E400AEA177 /* SceneDelegate.swift */ = {isa = PBXFileReference; lastKnownFileType = sourcecode.swift; path = SceneDelegate.swift; sourceTree = "<group>"; };
		BA30578C2583F7E400AEA177 /* Base */ = {isa = PBXFileReference; lastKnownFileType = file.storyboard; name = Base; path = Base.lproj/Main.storyboard; sourceTree = "<group>"; };
		BA30578F2583F7E400AEA177 /* Core_Data_Exercise_4.xcdatamodel */ = {isa = PBXFileReference; lastKnownFileType = wrapper.xcdatamodel; path = Core_Data_Exercise_4.xcdatamodel; sourceTree = "<group>"; };
		BA3057912583F7E700AEA177 /* Assets.xcassets */ = {isa = PBXFileReference; lastKnownFileType = folder.assetcatalog; path = Assets.xcassets; sourceTree = "<group>"; };
		BA3057942583F7E700AEA177 /* Base */ = {isa = PBXFileReference; lastKnownFileType = file.storyboard; name = Base; path = Base.lproj/LaunchScreen.storyboard; sourceTree = "<group>"; };
		BA3057962583F7E700AEA177 /* Info.plist */ = {isa = PBXFileReference; lastKnownFileType = text.plist.xml; path = Info.plist; sourceTree = "<group>"; };
		BA30579D2584A69300AEA177 /* TargetTableVC.swift */ = {isa = PBXFileReference; lastKnownFileType = sourcecode.swift; path = TargetTableVC.swift; sourceTree = "<group>"; };
/* End PBXFileReference section */

/* Begin PBXFrameworksBuildPhase section */
		BA30577F2583F7E400AEA177 /* Frameworks */ = {
			isa = PBXFrameworksBuildPhase;
			buildActionMask = 2147483647;
			files = (
			);
			runOnlyForDeploymentPostprocessing = 0;
		};
/* End PBXFrameworksBuildPhase section */

/* Begin PBXGroup section */
		BA3057792583F7E400AEA177 = {
			isa = PBXGroup;
			children = (
				BA3057842583F7E400AEA177 /* Core Data Exercise 4 */,
				BA3057832583F7E400AEA177 /* Products */,
			);
			sourceTree = "<group>";
		};
		BA3057832583F7E400AEA177 /* Products */ = {
			isa = PBXGroup;
			children = (
				BA3057822583F7E400AEA177 /* Core Data Exercise 4.app */,
			);
			name = Products;
			sourceTree = "<group>";
		};
		BA3057842583F7E400AEA177 /* Core Data Exercise 4 */ = {
			isa = PBXGroup;
			children = (
				BA3057852583F7E400AEA177 /* AppDelegate.swift */,
				BA3057872583F7E400AEA177 /* SceneDelegate.swift */,
				BA30579D2584A69300AEA177 /* TargetTableVC.swift */,
				BA30578B2583F7E400AEA177 /* Main.storyboard */,
				BA3057912583F7E700AEA177 /* Assets.xcassets */,
				BA3057932583F7E700AEA177 /* LaunchScreen.storyboard */,
				BA3057962583F7E700AEA177 /* Info.plist */,
				BA30578E2583F7E400AEA177 /* Core_Data_Exercise_4.xcdatamodeld */,
			);
			path = "Core Data Exercise 4";
			sourceTree = "<group>";
		};
/* End PBXGroup section */

/* Begin PBXNativeTarget section */
		BA3057812583F7E400AEA177 /* Core Data Exercise 4 */ = {
			isa = PBXNativeTarget;
			buildConfigurationList = BA3057992583F7E700AEA177 /* Build configuration list for PBXNativeTarget "Core Data Exercise 4" */;
			buildPhases = (
				BA30577E2583F7E400AEA177 /* Sources */,
				BA30577F2583F7E400AEA177 /* Frameworks */,
				BA3057802583F7E400AEA177 /* Resources */,
			);
			buildRules = (
			);
			dependencies = (
			);
			name = "Core Data Exercise 4";
			productName = "Core Data Exercise 4";
			productReference = BA3057822583F7E400AEA177 /* Core Data Exercise 4.app */;
			productType = "com.apple.product-type.application";
		};
/* End PBXNativeTarget section */

/* Begin PBXProject section */
		BA30577A2583F7E400AEA177 /* Project object */ = {
			isa = PBXProject;
			attributes = {
				LastSwiftUpdateCheck = 1220;
				LastUpgradeCheck = 1220;
				TargetAttributes = {
					BA3057812583F7E400AEA177 = {
						CreatedOnToolsVersion = 12.2;
					};
				};
			};
			buildConfigurationList = BA30577D2583F7E400AEA177 /* Build configuration list for PBXProject "Core Data Exercise 4" */;
			compatibilityVersion = "Xcode 9.3";
			developmentRegion = en;
			hasScannedForEncodings = 0;
			knownRegions = (
				en,
				Base,
			);
			mainGroup = BA3057792583F7E400AEA177;
			productRefGroup = BA3057832583F7E400AEA177 /* Products */;
			projectDirPath = "";
			projectRoot = "";
			targets = (
				BA3057812583F7E400AEA177 /* Core Data Exercise 4 */,
			);
		};
/* End PBXProject section */

/* Begin PBXResourcesBuildPhase section */
		BA3057802583F7E400AEA177 /* Resources */ = {
			isa = PBXResourcesBuildPhase;
			buildActionMask = 2147483647;
			files = (
				BA3057952583F7E700AEA177 /* LaunchScreen.storyboard in Resources */,
				BA3057922583F7E700AEA177 /* Assets.xcassets in Resources */,
				BA30578D2583F7E400AEA177 /* Main.storyboard in Resources */,
			);
			runOnlyForDeploymentPostprocessing = 0;
		};
/* End PBXResourcesBuildPhase section */

/* Begin PBXSourcesBuildPhase section */
		BA30577E2583F7E400AEA177 /* Sources */ = {
			isa = PBXSourcesBuildPhase;
			buildActionMask = 2147483647;
			files = (
				BA30579E2584A69400AEA177 /* TargetTableVC.swift in Sources */,
				BA3057862583F7E400AEA177 /* AppDelegate.swift in Sources */,
				BA3057882583F7E400AEA177 /* SceneDelegate.swift in Sources */,
				BA3057902583F7E400AEA177 /* Core_Data_Exercise_4.xcdatamodeld in Sources */,
			);
			runOnlyForDeploymentPostprocessing = 0;
		};
/* End PBXSourcesBuildPhase section */

/* Begin PBXVariantGroup section */
		BA30578B2583F7E400AEA177 /* Main.storyboard */ = {
			isa = PBXVariantGroup;
			children = (
				BA30578C2583F7E400AEA177 /* Base */,
			);
			name = Main.storyboard;
			sourceTree = "<group>";
		};
		BA3057932583F7E700AEA177 /* LaunchScreen.storyboard */ = {
			isa = PBXVariantGroup;
			children = (
				BA3057942583F7E700AEA177 /* Base */,
			);
			name = LaunchScreen.storyboard;
			sourceTree = "<group>";
		};
/* End PBXVariantGroup section */

/* Begin XCBuildConfiguration section */
		BA3057972583F7E700AEA177 /* Debug */ = {
			isa = XCBuildConfiguration;
			buildSettings = {
				ALWAYS_SEARCH_USER_PATHS = NO;
				CLANG_ANALYZER_NONNULL = YES;
				CLANG_ANALYZER_NUMBER_OBJECT_CONVERSION = YES_AGGRESSIVE;
				CLANG_CXX_LANGUAGE_STANDARD = "gnu++14";
				CLANG_CXX_LIBRARY = "libc++";
				CLANG_ENABLE_MODULES = YES;
				CLANG_ENABLE_OBJC_ARC = YES;
				CLANG_ENABLE_OBJC_WEAK = YES;
				CLANG_WARN_BLOCK_CAPTURE_AUTORELEASING = YES;
				CLANG_WARN_BOOL_CONVERSION = YES;
				CLANG_WARN_COMMA = YES;
				CLANG_WARN_CONSTANT_CONVERSION = YES;
				CLANG_WARN_DEPRECATED_OBJC_IMPLEMENTATIONS = YES;
				CLANG_WARN_DIRECT_OBJC_ISA_USAGE = YES_ERROR;
				CLANG_WARN_DOCUMENTATION_COMMENTS = YES;
				CLANG_WARN_EMPTY_BODY = YES;
				CLANG_WARN_ENUM_CONVERSION = YES;
				CLANG_WARN_INFINITE_RECURSION = YES;
				CLANG_WARN_INT_CONVERSION = YES;
				CLANG_WARN_NON_LITERAL_NULL_CONVERSION = YES;
				CLANG_WARN_OBJC_IMPLICIT_RETAIN_SELF = YES;
				CLANG_WARN_OBJC_LITERAL_CONVERSION = YES;
				CLANG_WARN_OBJC_ROOT_CLASS = YES_ERROR;
				CLANG_WARN_QUOTED_INCLUDE_IN_FRAMEWORK_HEADER = YES;
				CLANG_WARN_RANGE_LOOP_ANALYSIS = YES;
				CLANG_WARN_STRICT_PROTOTYPES = YES;
				CLANG_WARN_SUSPICIOUS_MOVE = YES;
				CLANG_WARN_UNGUARDED_AVAILABILITY = YES_AGGRESSIVE;
				CLANG_WARN_UNREACHABLE_CODE = YES;
				CLANG_WARN__DUPLICATE_METHOD_MATCH = YES;
				COPY_PHASE_STRIP = NO;
				DEBUG_INFORMATION_FORMAT = dwarf;
				ENABLE_STRICT_OBJC_MSGSEND = YES;
				ENABLE_TESTABILITY = YES;
				GCC_C_LANGUAGE_STANDARD = gnu11;
				GCC_DYNAMIC_NO_PIC = NO;
				GCC_NO_COMMON_BLOCKS = YES;
				GCC_OPTIMIZATION_LEVEL = 0;
				GCC_PREPROCESSOR_DEFINITIONS = (
					"DEBUG=1",
					"$(inherited)",
				);
				GCC_WARN_64_TO_32_BIT_CONVERSION = YES;
				GCC_WARN_ABOUT_RETURN_TYPE = YES_ERROR;
				GCC_WARN_UNDECLARED_SELECTOR = YES;
				GCC_WARN_UNINITIALIZED_AUTOS = YES_AGGRESSIVE;
				GCC_WARN_UNUSED_FUNCTION = YES;
				GCC_WARN_UNUSED_VARIABLE = YES;
				IPHONEOS_DEPLOYMENT_TARGET = 14.0;
				MTL_ENABLE_DEBUG_INFO = INCLUDE_SOURCE;
				MTL_FAST_MATH = YES;
				ONLY_ACTIVE_ARCH = YES;
				SDKROOT = iphoneos;
				SWIFT_ACTIVE_COMPILATION_CONDITIONS = DEBUG;
				SWIFT_OPTIMIZATION_LEVEL = "-Onone";
			};
			name = Debug;
		};
		BA3057982583F7E700AEA177 /* Release */ = {
			isa = XCBuildConfiguration;
			buildSettings = {
				ALWAYS_SEARCH_USER_PATHS = NO;
				CLANG_ANALYZER_NONNULL = YES;
				CLANG_ANALYZER_NUMBER_OBJECT_CONVERSION = YES_AGGRESSIVE;
				CLANG_CXX_LANGUAGE_STANDARD = "gnu++14";
				CLANG_CXX_LIBRARY = "libc++";
				CLANG_ENABLE_MODULES = YES;
				CLANG_ENABLE_OBJC_ARC = YES;
				CLANG_ENABLE_OBJC_WEAK = YES;
				CLANG_WARN_BLOCK_CAPTURE_AUTORELEASING = YES;
				CLANG_WARN_BOOL_CONVERSION = YES;
				CLANG_WARN_COMMA = YES;
				CLANG_WARN_CONSTANT_CONVERSION = YES;
				CLANG_WARN_DEPRECATED_OBJC_IMPLEMENTATIONS = YES;
				CLANG_WARN_DIRECT_OBJC_ISA_USAGE = YES_ERROR;
				CLANG_WARN_DOCUMENTATION_COMMENTS = YES;
				CLANG_WARN_EMPTY_BODY = YES;
				CLANG_WARN_ENUM_CONVERSION = YES;
				CLANG_WARN_INFINITE_RECURSION = YES;
				CLANG_WARN_INT_CONVERSION = YES;
				CLANG_WARN_NON_LITERAL_NULL_CONVERSION = YES;
				CLANG_WARN_OBJC_IMPLICIT_RETAIN_SELF = YES;
				CLANG_WARN_OBJC_LITERAL_CONVERSION = YES;
				CLANG_WARN_OBJC_ROOT_CLASS = YES_ERROR;
				CLANG_WARN_QUOTED_INCLUDE_IN_FRAMEWORK_HEADER = YES;
				CLANG_WARN_RANGE_LOOP_ANALYSIS = YES;
				CLANG_WARN_STRICT_PROTOTYPES = YES;
				CLANG_WARN_SUSPICIOUS_MOVE = YES;
				CLANG_WARN_UNGUARDED_AVAILABILITY = YES_AGGRESSIVE;
				CLANG_WARN_UNREACHABLE_CODE = YES;
				CLANG_WARN__DUPLICATE_METHOD_MATCH = YES;
				COPY_PHASE_STRIP = NO;
				DEBUG_INFORMATION_FORMAT = "dwarf-with-dsym";
				ENABLE_NS_ASSERTIONS = NO;
				ENABLE_STRICT_OBJC_MSGSEND = YES;
				GCC_C_LANGUAGE_STANDARD = gnu11;
				GCC_NO_COMMON_BLOCKS = YES;
				GCC_WARN_64_TO_32_BIT_CONVERSION = YES;
				GCC_WARN_ABOUT_RETURN_TYPE = YES_ERROR;
				GCC_WARN_UNDECLARED_SELECTOR = YES;
				GCC_WARN_UNINITIALIZED_AUTOS = YES_AGGRESSIVE;
				GCC_WARN_UNUSED_FUNCTION = YES;
				GCC_WARN_UNUSED_VARIABLE = YES;
				IPHONEOS_DEPLOYMENT_TARGET = 14.0;
				MTL_ENABLE_DEBUG_INFO = NO;
				MTL_FAST_MATH = YES;
				SDKROOT = iphoneos;
				SWIFT_COMPILATION_MODE = wholemodule;
				SWIFT_OPTIMIZATION_LEVEL = "-O";
				VALIDATE_PRODUCT = YES;
			};
			name = Release;
		};
		BA30579A2583F7E700AEA177 /* Debug */ = {
			isa = XCBuildConfiguration;
			buildSettings = {
				ASSETCATALOG_COMPILER_APPICON_NAME = AppIcon;
				ASSETCATALOG_COMPILER_GLOBAL_ACCENT_COLOR_NAME = AccentColor;
				CODE_SIGN_STYLE = Automatic;
				DEVELOPMENT_TEAM = PWC92C5B75;
				INFOPLIST_FILE = "Core Data Exercise 4/Info.plist";
				IPHONEOS_DEPLOYMENT_TARGET = 13.0;
				LD_RUNPATH_SEARCH_PATHS = (
					"$(inherited)",
					"@executable_path/Frameworks",
				);
				PRODUCT_BUNDLE_IDENTIFIER = "com.gilangsinawang.Core-Data-Exercise-4";
				PRODUCT_NAME = "$(TARGET_NAME)";
				SWIFT_VERSION = 5.0;
				TARGETED_DEVICE_FAMILY = "1,2";
			};
			name = Debug;
		};
		BA30579B2583F7E700AEA177 /* Release */ = {
			isa = XCBuildConfiguration;
			buildSettings = {
				ASSETCATALOG_COMPILER_APPICON_NAME = AppIcon;
				ASSETCATALOG_COMPILER_GLOBAL_ACCENT_COLOR_NAME = AccentColor;
				CODE_SIGN_STYLE = Automatic;
				DEVELOPMENT_TEAM = PWC92C5B75;
				INFOPLIST_FILE = "Core Data Exercise 4/Info.plist";
				IPHONEOS_DEPLOYMENT_TARGET = 13.0;
				LD_RUNPATH_SEARCH_PATHS = (
					"$(inherited)",
					"@executable_path/Frameworks",
				);
				PRODUCT_BUNDLE_IDENTIFIER = "com.gilangsinawang.Core-Data-Exercise-4";
				PRODUCT_NAME = "$(TARGET_NAME)";
				SWIFT_VERSION = 5.0;
				TARGETED_DEVICE_FAMILY = "1,2";
			};
			name = Release;
		};
/* End XCBuildConfiguration section */

/* Begin XCConfigurationList section */
		BA30577D2583F7E400AEA177 /* Build configuration list for PBXProject "Core Data Exercise 4" */ = {
			isa = XCConfigurationList;
			buildConfigurations = (
				BA3057972583F7E700AEA177 /* Debug */,
				BA3057982583F7E700AEA177 /* Release */,
			);
			defaultConfigurationIsVisible = 0;
			defaultConfigurationName = Release;
		};
		BA3057992583F7E700AEA177 /* Build configuration list for PBXNativeTarget "Core Data Exercise 4" */ = {
			isa = XCConfigurationList;
			buildConfigurations = (
				BA30579A2583F7E700AEA177 /* Debug */,
				BA30579B2583F7E700AEA177 /* Release */,
			);
			defaultConfigurationIsVisible = 0;
			defaultConfigurationName = Release;
		};
/* End XCConfigurationList section */

/* Begin XCVersionGroup section */
		BA30578E2583F7E400AEA177 /* Core_Data_Exercise_4.xcdatamodeld */ = {
			isa = XCVersionGroup;
			children = (
				BA30578F2583F7E400AEA177 /* Core_Data_Exercise_4.xcdatamodel */,
			);
			currentVersion = BA30578F2583F7E400AEA177 /* Core_Data_Exercise_4.xcdatamodel */;
			path = Core_Data_Exercise_4.xcdatamodeld;
			sourceTree = "<group>";
			versionGroupType = wrapper.xcdatamodel;
		};
/* End XCVersionGroup section */
	};
	rootObject = BA30577A2583F7E400AEA177 /* Project object */;
}
